// !$*UTF8*$!
{
	archiveVersion = 1;
	classes = {
	};
	objectVersion = 50;
	objects = {

/* Begin PBXBuildFile section */
		8B2FB01C240822A2002908E2 /* AppDelegate.swift in Sources */ = {isa = PBXBuildFile; fileRef = 8B2FB01B240822A2002908E2 /* AppDelegate.swift */; };
		8B2FB01E240822A2002908E2 /* SceneDelegate.swift in Sources */ = {isa = PBXBuildFile; fileRef = 8B2FB01D240822A2002908E2 /* SceneDelegate.swift */; };
		8B2FB020240822A2002908E2 /* ViewController.swift in Sources */ = {isa = PBXBuildFile; fileRef = 8B2FB01F240822A2002908E2 /* ViewController.swift */; };
		8B2FB023240822A2002908E2 /* Main.storyboard in Resources */ = {isa = PBXBuildFile; fileRef = 8B2FB021240822A2002908E2 /* Main.storyboard */; };
		8B2FB025240822A3002908E2 /* Assets.xcassets in Resources */ = {isa = PBXBuildFile; fileRef = 8B2FB024240822A3002908E2 /* Assets.xcassets */; };
		8B2FB028240822A3002908E2 /* LaunchScreen.storyboard in Resources */ = {isa = PBXBuildFile; fileRef = 8B2FB026240822A3002908E2 /* LaunchScreen.storyboard */; };
		8B2FB03024082396002908E2 /* EsferaViewController.swift in Sources */ = {isa = PBXBuildFile; fileRef = 8B2FB02F24082396002908E2 /* EsferaViewController.swift */; };
		8B2FB032240823B7002908E2 /* PrismaViewController.swift in Sources */ = {isa = PBXBuildFile; fileRef = 8B2FB031240823B7002908E2 /* PrismaViewController.swift */; };
/* End PBXBuildFile section */

/* Begin PBXFileReference section */
		8B2FB018240822A2002908E2 /* Geometria.app */ = {isa = PBXFileReference; explicitFileType = wrapper.application; includeInIndex = 0; path = Geometria.app; sourceTree = BUILT_PRODUCTS_DIR; };
		8B2FB01B240822A2002908E2 /* AppDelegate.swift */ = {isa = PBXFileReference; lastKnownFileType = sourcecode.swift; path = AppDelegate.swift; sourceTree = "<group>"; };
		8B2FB01D240822A2002908E2 /* SceneDelegate.swift */ = {isa = PBXFileReference; lastKnownFileType = sourcecode.swift; path = SceneDelegate.swift; sourceTree = "<group>"; };
		8B2FB01F240822A2002908E2 /* ViewController.swift */ = {isa = PBXFileReference; lastKnownFileType = sourcecode.swift; path = ViewController.swift; sourceTree = "<group>"; };
		8B2FB022240822A2002908E2 /* Base */ = {isa = PBXFileReference; lastKnownFileType = file.storyboard; name = Base; path = Base.lproj/Main.storyboard; sourceTree = "<group>"; };
		8B2FB024240822A3002908E2 /* Assets.xcassets */ = {isa = PBXFileReference; lastKnownFileType = folder.assetcatalog; path = Assets.xcassets; sourceTree = "<group>"; };
		8B2FB027240822A3002908E2 /* Base */ = {isa = PBXFileReference; lastKnownFileType = file.storyboard; name = Base; path = Base.lproj/LaunchScreen.storyboard; sourceTree = "<group>"; };
		8B2FB029240822A3002908E2 /* Info.plist */ = {isa = PBXFileReference; lastKnownFileType = text.plist.xml; path = Info.plist; sourceTree = "<group>"; };
		8B2FB02F24082396002908E2 /* EsferaViewController.swift */ = {isa = PBXFileReference; lastKnownFileType = sourcecode.swift; path = EsferaViewController.swift; sourceTree = "<group>"; };
		8B2FB031240823B7002908E2 /* PrismaViewController.swift */ = {isa = PBXFileReference; lastKnownFileType = sourcecode.swift; path = PrismaViewController.swift; sourceTree = "<group>"; };
/* End PBXFileReference section */

/* Begin PBXFrameworksBuildPhase section */
		8B2FB015240822A2002908E2 /* Frameworks */ = {
			isa = PBXFrameworksBuildPhase;
			buildActionMask = 2147483647;
			files = (
			);
			runOnlyForDeploymentPostprocessing = 0;
		};
/* End PBXFrameworksBuildPhase section */

/* Begin PBXGroup section */
		8B2FB00F240822A2002908E2 = {
			isa = PBXGroup;
			children = (
				8B2FB01A240822A2002908E2 /* Geometria */,
				8B2FB019240822A2002908E2 /* Products */,
			);
			sourceTree = "<group>";
		};
		8B2FB019240822A2002908E2 /* Products */ = {
			isa = PBXGroup;
			children = (
				8B2FB018240822A2002908E2 /* Geometria.app */,
			);
			name = Products;
			sourceTree = "<group>";
		};
		8B2FB01A240822A2002908E2 /* Geometria */ = {
			isa = PBXGroup;
			children = (
				8B2FB01B240822A2002908E2 /* AppDelegate.swift */,
				8B2FB01D240822A2002908E2 /* SceneDelegate.swift */,
				8B2FB01F240822A2002908E2 /* ViewController.swift */,
				8B2FB021240822A2002908E2 /* Main.storyboard */,
				8B2FB02F24082396002908E2 /* EsferaViewController.swift */,
				8B2FB031240823B7002908E2 /* PrismaViewController.swift */,
				8B2FB024240822A3002908E2 /* Assets.xcassets */,
				8B2FB026240822A3002908E2 /* LaunchScreen.storyboard */,
				8B2FB029240822A3002908E2 /* Info.plist */,
			);
			path = Geometria;
			sourceTree = "<group>";
		};
/* End PBXGroup section */

/* Begin PBXNativeTarget section */
		8B2FB017240822A2002908E2 /* Geometria */ = {
			isa = PBXNativeTarget;
			buildConfigurationList = 8B2FB02C240822A3002908E2 /* Build configuration list for PBXNativeTarget "Geometria" */;
			buildPhases = (
				8B2FB014240822A2002908E2 /* Sources */,
				8B2FB015240822A2002908E2 /* Frameworks */,
				8B2FB016240822A2002908E2 /* Resources */,
			);
			buildRules = (
			);
			dependencies = (
			);
			name = Geometria;
			productName = Geometria;
			productReference = 8B2FB018240822A2002908E2 /* Geometria.app */;
			productType = "com.apple.product-type.application";
		};
/* End PBXNativeTarget section */

/* Begin PBXProject section */
		8B2FB010240822A2002908E2 /* Project object */ = {
			isa = PBXProject;
			attributes = {
				LastSwiftUpdateCheck = 1130;
				LastUpgradeCheck = 1130;
				ORGANIZATIONNAME = "Erick González";
				TargetAttributes = {
					8B2FB017240822A2002908E2 = {
						CreatedOnToolsVersion = 11.3.1;
					};
				};
			};
			buildConfigurationList = 8B2FB013240822A2002908E2 /* Build configuration list for PBXProject "Geometria" */;
			compatibilityVersion = "Xcode 9.3";
			developmentRegion = en;
			hasScannedForEncodings = 0;
			knownRegions = (
				en,
				Base,
			);
			mainGroup = 8B2FB00F240822A2002908E2;
			productRefGroup = 8B2FB019240822A2002908E2 /* Products */;
			projectDirPath = "";
			projectRoot = "";
			targets = (
				8B2FB017240822A2002908E2 /* Geometria */,
			);
		};
/* End PBXProject section */

/* Begin PBXResourcesBuildPhase section */
		8B2FB016240822A2002908E2 /* Resources */ = {
			isa = PBXResourcesBuildPhase;
			buildActionMask = 2147483647;
			files = (
				8B2FB028240822A3002908E2 /* LaunchScreen.storyboard in Resources */,
				8B2FB025240822A3002908E2 /* Assets.xcassets in Resources */,
				8B2FB023240822A2002908E2 /* Main.storyboard in Resources */,
			);
			runOnlyForDeploymentPostprocessing = 0;
		};
/* End PBXResourcesBuildPhase section */

/* Begin PBXSourcesBuildPhase section */
		8B2FB014240822A2002908E2 /* Sources */ = {
			isa = PBXSourcesBuildPhase;
			buildActionMask = 2147483647;
			files = (
				8B2FB032240823B7002908E2 /* PrismaViewController.swift in Sources */,
				8B2FB020240822A2002908E2 /* ViewController.swift in Sources */,
				8B2FB01C240822A2002908E2 /* AppDelegate.swift in Sources */,
				8B2FB03024082396002908E2 /* EsferaViewController.swift in Sources */,
				8B2FB01E240822A2002908E2 /* SceneDelegate.swift in Sources */,
			);
			runOnlyForDeploymentPostprocessing = 0;
		};
/* End PBXSourcesBuildPhase section */

/* Begin PBXVariantGroup section */
		8B2FB021240822A2002908E2 /* Main.storyboard */ = {
			isa = PBXVariantGroup;
			children = (
				8B2FB022240822A2002908E2 /* Base */,
			);
			name = Main.storyboard;
			sourceTree = "<group>";
		};
		8B2FB026240822A3002908E2 /* LaunchScreen.storyboard */ = {
			isa = PBXVariantGroup;
			children = (
				8B2FB027240822A3002908E2 /* Base */,
			);
			name = LaunchScreen.storyboard;
			sourceTree = "<group>";
		};
/* End PBXVariantGroup section */

/* Begin XCBuildConfiguration section */
		8B2FB02A240822A3002908E2 /* Debug */ = {
			isa = XCBuildConfiguration;
			buildSettings = {
				ALWAYS_SEARCH_USER_PATHS = NO;
				CLANG_ANALYZER_NONNULL = YES;
				CLANG_ANALYZER_NUMBER_OBJECT_CONVERSION = YES_AGGRESSIVE;
				CLANG_CXX_LANGUAGE_STANDARD = "gnu++14";
				CLANG_CXX_LIBRARY = "libc++";
				CLANG_ENABLE_MODULES = YES;
				CLANG_ENABLE_OBJC_ARC = YES;
				CLANG_ENABLE_OBJC_WEAK = YES;
				CLANG_WARN_BLOCK_CAPTURE_AUTORELEASING = YES;
				CLANG_WARN_BOOL_CONVERSION = YES;
				CLANG_WARN_COMMA = YES;
				CLANG_WARN_CONSTANT_CONVERSION = YES;
				CLANG_WARN_DEPRECATED_OBJC_IMPLEMENTATIONS = YES;
				CLANG_WARN_DIRECT_OBJC_ISA_USAGE = YES_ERROR;
				CLANG_WARN_DOCUMENTATION_COMMENTS = YES;
				CLANG_WARN_EMPTY_BODY = YES;
				CLANG_WARN_ENUM_CONVERSION = YES;
				CLANG_WARN_INFINITE_RECURSION = YES;
				CLANG_WARN_INT_CONVERSION = YES;
				CLANG_WARN_NON_LITERAL_NULL_CONVERSION = YES;
				CLANG_WARN_OBJC_IMPLICIT_RETAIN_SELF = YES;
				CLANG_WARN_OBJC_LITERAL_CONVERSION = YES;
				CLANG_WARN_OBJC_ROOT_CLASS = YES_ERROR;
				CLANG_WARN_RANGE_LOOP_ANALYSIS = YES;
				CLANG_WARN_STRICT_PROTOTYPES = YES;
				CLANG_WARN_SUSPICIOUS_MOVE = YES;
				CLANG_WARN_UNGUARDED_AVAILABILITY = YES_AGGRESSIVE;
				CLANG_WARN_UNREACHABLE_CODE = YES;
				CLANG_WARN__DUPLICATE_METHOD_MATCH = YES;
				COPY_PHASE_STRIP = NO;
				DEBUG_INFORMATION_FORMAT = dwarf;
				ENABLE_STRICT_OBJC_MSGSEND = YES;
				ENABLE_TESTABILITY = YES;
				GCC_C_LANGUAGE_STANDARD = gnu11;
				GCC_DYNAMIC_NO_PIC = NO;
				GCC_NO_COMMON_BLOCKS = YES;
				GCC_OPTIMIZATION_LEVEL = 0;
				GCC_PREPROCESSOR_DEFINITIONS = (
					"DEBUG=1",
					"$(inherited)",
				);
				GCC_WARN_64_TO_32_BIT_CONVERSION = YES;
				GCC_WARN_ABOUT_RETURN_TYPE = YES_ERROR;
				GCC_WARN_UNDECLARED_SELECTOR = YES;
				GCC_WARN_UNINITIALIZED_AUTOS = YES_AGGRESSIVE;
				GCC_WARN_UNUSED_FUNCTION = YES;
				GCC_WARN_UNUSED_VARIABLE = YES;
				IPHONEOS_DEPLOYMENT_TARGET = 13.2;
				MTL_ENABLE_DEBUG_INFO = INCLUDE_SOURCE;
				MTL_FAST_MATH = YES;
				ONLY_ACTIVE_ARCH = YES;
				SDKROOT = iphoneos;
				SWIFT_ACTIVE_COMPILATION_CONDITIONS = DEBUG;
				SWIFT_OPTIMIZATION_LEVEL = "-Onone";
			};
			name = Debug;
		};
		8B2FB02B240822A3002908E2 /* Release */ = {
			isa = XCBuildConfiguration;
			buildSettings = {
				ALWAYS_SEARCH_USER_PATHS = NO;
				CLANG_ANALYZER_NONNULL = YES;
				CLANG_ANALYZER_NUMBER_OBJECT_CONVERSION = YES_AGGRESSIVE;
				CLANG_CXX_LANGUAGE_STANDARD = "gnu++14";
				CLANG_CXX_LIBRARY = "libc++";
				CLANG_ENABLE_MODULES = YES;
				CLANG_ENABLE_OBJC_ARC = YES;
				CLANG_ENABLE_OBJC_WEAK = YES;
				CLANG_WARN_BLOCK_CAPTURE_AUTORELEASING = YES;
				CLANG_WARN_BOOL_CONVERSION = YES;
				CLANG_WARN_COMMA = YES;
				CLANG_WARN_CONSTANT_CONVERSION = YES;
				CLANG_WARN_DEPRECATED_OBJC_IMPLEMENTATIONS = YES;
				CLANG_WARN_DIRECT_OBJC_ISA_USAGE = YES_ERROR;
				CLANG_WARN_DOCUMENTATION_COMMENTS = YES;
				CLANG_WARN_EMPTY_BODY = YES;
				CLANG_WARN_ENUM_CONVERSION = YES;
				CLANG_WARN_INFINITE_RECURSION = YES;
				CLANG_WARN_INT_CONVERSION = YES;
				CLANG_WARN_NON_LITERAL_NULL_CONVERSION = YES;
				CLANG_WARN_OBJC_IMPLICIT_RETAIN_SELF = YES;
				CLANG_WARN_OBJC_LITERAL_CONVERSION = YES;
				CLANG_WARN_OBJC_ROOT_CLASS = YES_ERROR;
				CLANG_WARN_RANGE_LOOP_ANALYSIS = YES;
				CLANG_WARN_STRICT_PROTOTYPES = YES;
				CLANG_WARN_SUSPICIOUS_MOVE = YES;
				CLANG_WARN_UNGUARDED_AVAILABILITY = YES_AGGRESSIVE;
				CLANG_WARN_UNREACHABLE_CODE = YES;
				CLANG_WARN__DUPLICATE_METHOD_MATCH = YES;
				COPY_PHASE_STRIP = NO;
				DEBUG_INFORMATION_FORMAT = "dwarf-with-dsym";
				ENABLE_NS_ASSERTIONS = NO;
				ENABLE_STRICT_OBJC_MSGSEND = YES;
				GCC_C_LANGUAGE_STANDARD = gnu11;
				GCC_NO_COMMON_BLOCKS = YES;
				GCC_WARN_64_TO_32_BIT_CONVERSION = YES;
				GCC_WARN_ABOUT_RETURN_TYPE = YES_ERROR;
				GCC_WARN_UNDECLARED_SELECTOR = YES;
				GCC_WARN_UNINITIALIZED_AUTOS = YES_AGGRESSIVE;
				GCC_WARN_UNUSED_FUNCTION = YES;
				GCC_WARN_UNUSED_VARIABLE = YES;
				IPHONEOS_DEPLOYMENT_TARGET = 13.2;
				MTL_ENABLE_DEBUG_INFO = NO;
				MTL_FAST_MATH = YES;
				SDKROOT = iphoneos;
				SWIFT_COMPILATION_MODE = wholemodule;
				SWIFT_OPTIMIZATION_LEVEL = "-O";
				VALIDATE_PRODUCT = YES;
			};
			name = Release;
		};
		8B2FB02D240822A3002908E2 /* Debug */ = {
			isa = XCBuildConfiguration;
			buildSettings = {
				ASSETCATALOG_COMPILER_APPICON_NAME = AppIcon;
				CODE_SIGN_STYLE = Automatic;
				INFOPLIST_FILE = Geometria/Info.plist;
				LD_RUNPATH_SEARCH_PATHS = (
					"$(inherited)",
					"@executable_path/Frameworks",
				);
				PRODUCT_BUNDLE_IDENTIFIER = ITESM.Geometria;
				PRODUCT_NAME = "$(TARGET_NAME)";
				SWIFT_VERSION = 5.0;
				TARGETED_DEVICE_FAMILY = "1,2";
			};
			name = Debug;
		};
		8B2FB02E240822A3002908E2 /* Release */ = {
			isa = XCBuildConfiguration;
			buildSettings = {
				ASSETCATALOG_COMPILER_APPICON_NAME = AppIcon;
				CODE_SIGN_STYLE = Automatic;
				INFOPLIST_FILE = Geometria/Info.plist;
				LD_RUNPATH_SEARCH_PATHS = (
					"$(inherited)",
					"@executable_path/Frameworks",
				);
				PRODUCT_BUNDLE_IDENTIFIER = ITESM.Geometria;
				PRODUCT_NAME = "$(TARGET_NAME)";
				SWIFT_VERSION = 5.0;
				TARGETED_DEVICE_FAMILY = "1,2";
			};
			name = Release;
		};
/* End XCBuildConfiguration section */

/* Begin XCConfigurationList section */
		8B2FB013240822A2002908E2 /* Build configuration list for PBXProject "Geometria" */ = {
			isa = XCConfigurationList;
			buildConfigurations = (
				8B2FB02A240822A3002908E2 /* Debug */,
				8B2FB02B240822A3002908E2 /* Release */,
			);
			defaultConfigurationIsVisible = 0;
			defaultConfigurationName = Release;
		};
		8B2FB02C240822A3002908E2 /* Build configuration list for PBXNativeTarget "Geometria" */ = {
			isa = XCConfigurationList;
			buildConfigurations = (
				8B2FB02D240822A3002908E2 /* Debug */,
				8B2FB02E240822A3002908E2 /* Release */,
			);
			defaultConfigurationIsVisible = 0;
			defaultConfigurationName = Release;
		};
/* End XCConfigurationList section */
	};
	rootObject = 8B2FB010240822A2002908E2 /* Project object */;
}
