// !$*UTF8*$!
{
	archiveVersion = 1;
	classes = {
	};
	objectVersion = 50;
	objects = {

/* Begin PBXBuildFile section */
		8BFBCA61241A9B6F0055134C /* AppDelegate.swift in Sources */ = {isa = PBXBuildFile; fileRef = 8BFBCA60241A9B6F0055134C /* AppDelegate.swift */; };
		8BFBCA63241A9B6F0055134C /* SceneDelegate.swift in Sources */ = {isa = PBXBuildFile; fileRef = 8BFBCA62241A9B6F0055134C /* SceneDelegate.swift */; };
		8BFBCA65241A9B6F0055134C /* ViewController.swift in Sources */ = {isa = PBXBuildFile; fileRef = 8BFBCA64241A9B6F0055134C /* ViewController.swift */; };
		8BFBCA68241A9B6F0055134C /* Main.storyboard in Resources */ = {isa = PBXBuildFile; fileRef = 8BFBCA66241A9B6F0055134C /* Main.storyboard */; };
		8BFBCA6A241A9B700055134C /* Assets.xcassets in Resources */ = {isa = PBXBuildFile; fileRef = 8BFBCA69241A9B700055134C /* Assets.xcassets */; };
		8BFBCA6D241A9B700055134C /* LaunchScreen.storyboard in Resources */ = {isa = PBXBuildFile; fileRef = 8BFBCA6B241A9B700055134C /* LaunchScreen.storyboard */; };
		8BFBCA75241A9B9D0055134C /* Property List.plist in Resources */ = {isa = PBXBuildFile; fileRef = 8BFBCA74241A9B9D0055134C /* Property List.plist */; };
/* End PBXBuildFile section */

/* Begin PBXFileReference section */
		8BFBCA5D241A9B6F0055134C /* PList.app */ = {isa = PBXFileReference; explicitFileType = wrapper.application; includeInIndex = 0; path = PList.app; sourceTree = BUILT_PRODUCTS_DIR; };
		8BFBCA60241A9B6F0055134C /* AppDelegate.swift */ = {isa = PBXFileReference; lastKnownFileType = sourcecode.swift; path = AppDelegate.swift; sourceTree = "<group>"; };
		8BFBCA62241A9B6F0055134C /* SceneDelegate.swift */ = {isa = PBXFileReference; lastKnownFileType = sourcecode.swift; path = SceneDelegate.swift; sourceTree = "<group>"; };
		8BFBCA64241A9B6F0055134C /* ViewController.swift */ = {isa = PBXFileReference; lastKnownFileType = sourcecode.swift; path = ViewController.swift; sourceTree = "<group>"; };
		8BFBCA67241A9B6F0055134C /* Base */ = {isa = PBXFileReference; lastKnownFileType = file.storyboard; name = Base; path = Base.lproj/Main.storyboard; sourceTree = "<group>"; };
		8BFBCA69241A9B700055134C /* Assets.xcassets */ = {isa = PBXFileReference; lastKnownFileType = folder.assetcatalog; path = Assets.xcassets; sourceTree = "<group>"; };
		8BFBCA6C241A9B700055134C /* Base */ = {isa = PBXFileReference; lastKnownFileType = file.storyboard; name = Base; path = Base.lproj/LaunchScreen.storyboard; sourceTree = "<group>"; };
		8BFBCA6E241A9B700055134C /* Info.plist */ = {isa = PBXFileReference; lastKnownFileType = text.plist.xml; path = Info.plist; sourceTree = "<group>"; };
		8BFBCA74241A9B9D0055134C /* Property List.plist */ = {isa = PBXFileReference; lastKnownFileType = text.plist.xml; path = "Property List.plist"; sourceTree = "<group>"; };
/* End PBXFileReference section */

/* Begin PBXFrameworksBuildPhase section */
		8BFBCA5A241A9B6E0055134C /* Frameworks */ = {
			isa = PBXFrameworksBuildPhase;
			buildActionMask = 2147483647;
			files = (
			);
			runOnlyForDeploymentPostprocessing = 0;
		};
/* End PBXFrameworksBuildPhase section */

/* Begin PBXGroup section */
		8BFBCA54241A9B6E0055134C = {
			isa = PBXGroup;
			children = (
				8BFBCA5F241A9B6F0055134C /* PList */,
				8BFBCA5E241A9B6F0055134C /* Products */,
			);
			sourceTree = "<group>";
		};
		8BFBCA5E241A9B6F0055134C /* Products */ = {
			isa = PBXGroup;
			children = (
				8BFBCA5D241A9B6F0055134C /* PList.app */,
			);
			name = Products;
			sourceTree = "<group>";
		};
		8BFBCA5F241A9B6F0055134C /* PList */ = {
			isa = PBXGroup;
			children = (
				8BFBCA60241A9B6F0055134C /* AppDelegate.swift */,
				8BFBCA62241A9B6F0055134C /* SceneDelegate.swift */,
				8BFBCA64241A9B6F0055134C /* ViewController.swift */,
				8BFBCA66241A9B6F0055134C /* Main.storyboard */,
				8BFBCA74241A9B9D0055134C /* Property List.plist */,
				8BFBCA69241A9B700055134C /* Assets.xcassets */,
				8BFBCA6B241A9B700055134C /* LaunchScreen.storyboard */,
				8BFBCA6E241A9B700055134C /* Info.plist */,
			);
			path = PList;
			sourceTree = "<group>";
		};
/* End PBXGroup section */

/* Begin PBXNativeTarget section */
		8BFBCA5C241A9B6E0055134C /* PList */ = {
			isa = PBXNativeTarget;
			buildConfigurationList = 8BFBCA71241A9B700055134C /* Build configuration list for PBXNativeTarget "PList" */;
			buildPhases = (
				8BFBCA59241A9B6E0055134C /* Sources */,
				8BFBCA5A241A9B6E0055134C /* Frameworks */,
				8BFBCA5B241A9B6E0055134C /* Resources */,
			);
			buildRules = (
			);
			dependencies = (
			);
			name = PList;
			productName = PList;
			productReference = 8BFBCA5D241A9B6F0055134C /* PList.app */;
			productType = "com.apple.product-type.application";
		};
/* End PBXNativeTarget section */

/* Begin PBXProject section */
		8BFBCA55241A9B6E0055134C /* Project object */ = {
			isa = PBXProject;
			attributes = {
				LastSwiftUpdateCheck = 1130;
				LastUpgradeCheck = 1130;
				ORGANIZATIONNAME = "Erick González";
				TargetAttributes = {
					8BFBCA5C241A9B6E0055134C = {
						CreatedOnToolsVersion = 11.3.1;
					};
				};
			};
			buildConfigurationList = 8BFBCA58241A9B6E0055134C /* Build configuration list for PBXProject "PList" */;
			compatibilityVersion = "Xcode 9.3";
			developmentRegion = en;
			hasScannedForEncodings = 0;
			knownRegions = (
				en,
				Base,
			);
			mainGroup = 8BFBCA54241A9B6E0055134C;
			productRefGroup = 8BFBCA5E241A9B6F0055134C /* Products */;
			projectDirPath = "";
			projectRoot = "";
			targets = (
				8BFBCA5C241A9B6E0055134C /* PList */,
			);
		};
/* End PBXProject section */

/* Begin PBXResourcesBuildPhase section */
		8BFBCA5B241A9B6E0055134C /* Resources */ = {
			isa = PBXResourcesBuildPhase;
			buildActionMask = 2147483647;
			files = (
				8BFBCA6D241A9B700055134C /* LaunchScreen.storyboard in Resources */,
				8BFBCA6A241A9B700055134C /* Assets.xcassets in Resources */,
				8BFBCA75241A9B9D0055134C /* Property List.plist in Resources */,
				8BFBCA68241A9B6F0055134C /* Main.storyboard in Resources */,
			);
			runOnlyForDeploymentPostprocessing = 0;
		};
/* End PBXResourcesBuildPhase section */

/* Begin PBXSourcesBuildPhase section */
		8BFBCA59241A9B6E0055134C /* Sources */ = {
			isa = PBXSourcesBuildPhase;
			buildActionMask = 2147483647;
			files = (
				8BFBCA65241A9B6F0055134C /* ViewController.swift in Sources */,
				8BFBCA61241A9B6F0055134C /* AppDelegate.swift in Sources */,
				8BFBCA63241A9B6F0055134C /* SceneDelegate.swift in Sources */,
			);
			runOnlyForDeploymentPostprocessing = 0;
		};
/* End PBXSourcesBuildPhase section */

/* Begin PBXVariantGroup section */
		8BFBCA66241A9B6F0055134C /* Main.storyboard */ = {
			isa = PBXVariantGroup;
			children = (
				8BFBCA67241A9B6F0055134C /* Base */,
			);
			name = Main.storyboard;
			sourceTree = "<group>";
		};
		8BFBCA6B241A9B700055134C /* LaunchScreen.storyboard */ = {
			isa = PBXVariantGroup;
			children = (
				8BFBCA6C241A9B700055134C /* Base */,
			);
			name = LaunchScreen.storyboard;
			sourceTree = "<group>";
		};
/* End PBXVariantGroup section */

/* Begin XCBuildConfiguration section */
		8BFBCA6F241A9B700055134C /* Debug */ = {
			isa = XCBuildConfiguration;
			buildSettings = {
				ALWAYS_SEARCH_USER_PATHS = NO;
				CLANG_ANALYZER_NONNULL = YES;
				CLANG_ANALYZER_NUMBER_OBJECT_CONVERSION = YES_AGGRESSIVE;
				CLANG_CXX_LANGUAGE_STANDARD = "gnu++14";
				CLANG_CXX_LIBRARY = "libc++";
				CLANG_ENABLE_MODULES = YES;
				CLANG_ENABLE_OBJC_ARC = YES;
				CLANG_ENABLE_OBJC_WEAK = YES;
				CLANG_WARN_BLOCK_CAPTURE_AUTORELEASING = YES;
				CLANG_WARN_BOOL_CONVERSION = YES;
				CLANG_WARN_COMMA = YES;
				CLANG_WARN_CONSTANT_CONVERSION = YES;
				CLANG_WARN_DEPRECATED_OBJC_IMPLEMENTATIONS = YES;
				CLANG_WARN_DIRECT_OBJC_ISA_USAGE = YES_ERROR;
				CLANG_WARN_DOCUMENTATION_COMMENTS = YES;
				CLANG_WARN_EMPTY_BODY = YES;
				CLANG_WARN_ENUM_CONVERSION = YES;
				CLANG_WARN_INFINITE_RECURSION = YES;
				CLANG_WARN_INT_CONVERSION = YES;
				CLANG_WARN_NON_LITERAL_NULL_CONVERSION = YES;
				CLANG_WARN_OBJC_IMPLICIT_RETAIN_SELF = YES;
				CLANG_WARN_OBJC_LITERAL_CONVERSION = YES;
				CLANG_WARN_OBJC_ROOT_CLASS = YES_ERROR;
				CLANG_WARN_RANGE_LOOP_ANALYSIS = YES;
				CLANG_WARN_STRICT_PROTOTYPES = YES;
				CLANG_WARN_SUSPICIOUS_MOVE = YES;
				CLANG_WARN_UNGUARDED_AVAILABILITY = YES_AGGRESSIVE;
				CLANG_WARN_UNREACHABLE_CODE = YES;
				CLANG_WARN__DUPLICATE_METHOD_MATCH = YES;
				COPY_PHASE_STRIP = NO;
				DEBUG_INFORMATION_FORMAT = dwarf;
				ENABLE_STRICT_OBJC_MSGSEND = YES;
				ENABLE_TESTABILITY = YES;
				GCC_C_LANGUAGE_STANDARD = gnu11;
				GCC_DYNAMIC_NO_PIC = NO;
				GCC_NO_COMMON_BLOCKS = YES;
				GCC_OPTIMIZATION_LEVEL = 0;
				GCC_PREPROCESSOR_DEFINITIONS = (
					"DEBUG=1",
					"$(inherited)",
				);
				GCC_WARN_64_TO_32_BIT_CONVERSION = YES;
				GCC_WARN_ABOUT_RETURN_TYPE = YES_ERROR;
				GCC_WARN_UNDECLARED_SELECTOR = YES;
				GCC_WARN_UNINITIALIZED_AUTOS = YES_AGGRESSIVE;
				GCC_WARN_UNUSED_FUNCTION = YES;
				GCC_WARN_UNUSED_VARIABLE = YES;
				IPHONEOS_DEPLOYMENT_TARGET = 13.2;
				MTL_ENABLE_DEBUG_INFO = INCLUDE_SOURCE;
				MTL_FAST_MATH = YES;
				ONLY_ACTIVE_ARCH = YES;
				SDKROOT = iphoneos;
				SWIFT_ACTIVE_COMPILATION_CONDITIONS = DEBUG;
				SWIFT_OPTIMIZATION_LEVEL = "-Onone";
			};
			name = Debug;
		};
		8BFBCA70241A9B700055134C /* Release */ = {
			isa = XCBuildConfiguration;
			buildSettings = {
				ALWAYS_SEARCH_USER_PATHS = NO;
				CLANG_ANALYZER_NONNULL = YES;
				CLANG_ANALYZER_NUMBER_OBJECT_CONVERSION = YES_AGGRESSIVE;
				CLANG_CXX_LANGUAGE_STANDARD = "gnu++14";
				CLANG_CXX_LIBRARY = "libc++";
				CLANG_ENABLE_MODULES = YES;
				CLANG_ENABLE_OBJC_ARC = YES;
				CLANG_ENABLE_OBJC_WEAK = YES;
				CLANG_WARN_BLOCK_CAPTURE_AUTORELEASING = YES;
				CLANG_WARN_BOOL_CONVERSION = YES;
				CLANG_WARN_COMMA = YES;
				CLANG_WARN_CONSTANT_CONVERSION = YES;
				CLANG_WARN_DEPRECATED_OBJC_IMPLEMENTATIONS = YES;
				CLANG_WARN_DIRECT_OBJC_ISA_USAGE = YES_ERROR;
				CLANG_WARN_DOCUMENTATION_COMMENTS = YES;
				CLANG_WARN_EMPTY_BODY = YES;
				CLANG_WARN_ENUM_CONVERSION = YES;
				CLANG_WARN_INFINITE_RECURSION = YES;
				CLANG_WARN_INT_CONVERSION = YES;
				CLANG_WARN_NON_LITERAL_NULL_CONVERSION = YES;
				CLANG_WARN_OBJC_IMPLICIT_RETAIN_SELF = YES;
				CLANG_WARN_OBJC_LITERAL_CONVERSION = YES;
				CLANG_WARN_OBJC_ROOT_CLASS = YES_ERROR;
				CLANG_WARN_RANGE_LOOP_ANALYSIS = YES;
				CLANG_WARN_STRICT_PROTOTYPES = YES;
				CLANG_WARN_SUSPICIOUS_MOVE = YES;
				CLANG_WARN_UNGUARDED_AVAILABILITY = YES_AGGRESSIVE;
				CLANG_WARN_UNREACHABLE_CODE = YES;
				CLANG_WARN__DUPLICATE_METHOD_MATCH = YES;
				COPY_PHASE_STRIP = NO;
				DEBUG_INFORMATION_FORMAT = "dwarf-with-dsym";
				ENABLE_NS_ASSERTIONS = NO;
				ENABLE_STRICT_OBJC_MSGSEND = YES;
				GCC_C_LANGUAGE_STANDARD = gnu11;
				GCC_NO_COMMON_BLOCKS = YES;
				GCC_WARN_64_TO_32_BIT_CONVERSION = YES;
				GCC_WARN_ABOUT_RETURN_TYPE = YES_ERROR;
				GCC_WARN_UNDECLARED_SELECTOR = YES;
				GCC_WARN_UNINITIALIZED_AUTOS = YES_AGGRESSIVE;
				GCC_WARN_UNUSED_FUNCTION = YES;
				GCC_WARN_UNUSED_VARIABLE = YES;
				IPHONEOS_DEPLOYMENT_TARGET = 13.2;
				MTL_ENABLE_DEBUG_INFO = NO;
				MTL_FAST_MATH = YES;
				SDKROOT = iphoneos;
				SWIFT_COMPILATION_MODE = wholemodule;
				SWIFT_OPTIMIZATION_LEVEL = "-O";
				VALIDATE_PRODUCT = YES;
			};
			name = Release;
		};
		8BFBCA72241A9B700055134C /* Debug */ = {
			isa = XCBuildConfiguration;
			buildSettings = {
				ASSETCATALOG_COMPILER_APPICON_NAME = AppIcon;
				CODE_SIGN_STYLE = Automatic;
				INFOPLIST_FILE = PList/Info.plist;
				LD_RUNPATH_SEARCH_PATHS = (
					"$(inherited)",
					"@executable_path/Frameworks",
				);
				PRODUCT_BUNDLE_IDENTIFIER = ITESM.PList;
				PRODUCT_NAME = "$(TARGET_NAME)";
				SWIFT_VERSION = 5.0;
				TARGETED_DEVICE_FAMILY = "1,2";
			};
			name = Debug;
		};
		8BFBCA73241A9B700055134C /* Release */ = {
			isa = XCBuildConfiguration;
			buildSettings = {
				ASSETCATALOG_COMPILER_APPICON_NAME = AppIcon;
				CODE_SIGN_STYLE = Automatic;
				INFOPLIST_FILE = PList/Info.plist;
				LD_RUNPATH_SEARCH_PATHS = (
					"$(inherited)",
					"@executable_path/Frameworks",
				);
				PRODUCT_BUNDLE_IDENTIFIER = ITESM.PList;
				PRODUCT_NAME = "$(TARGET_NAME)";
				SWIFT_VERSION = 5.0;
				TARGETED_DEVICE_FAMILY = "1,2";
			};
			name = Release;
		};
/* End XCBuildConfiguration section */

/* Begin XCConfigurationList section */
		8BFBCA58241A9B6E0055134C /* Build configuration list for PBXProject "PList" */ = {
			isa = XCConfigurationList;
			buildConfigurations = (
				8BFBCA6F241A9B700055134C /* Debug */,
				8BFBCA70241A9B700055134C /* Release */,
			);
			defaultConfigurationIsVisible = 0;
			defaultConfigurationName = Release;
		};
		8BFBCA71241A9B700055134C /* Build configuration list for PBXNativeTarget "PList" */ = {
			isa = XCConfigurationList;
			buildConfigurations = (
				8BFBCA72241A9B700055134C /* Debug */,
				8BFBCA73241A9B700055134C /* Release */,
			);
			defaultConfigurationIsVisible = 0;
			defaultConfigurationName = Release;
		};
/* End XCConfigurationList section */
	};
	rootObject = 8BFBCA55241A9B6E0055134C /* Project object */;
}
